{
    __meta__ = {
        version = "1.0"
    },
    ["linux|x86_64"] = {
        ["catch2 3.7.1#f56260b5"] = {
            repo = {
                branch = "master",
                commit = "1ee8ee1b0588441ffe09503c715e7090b6a1a732",
                url = "https://gitee.com/tboox/xmake-repo.git"
            },
            version = "v3.7.1"
        },
        ["cmake#f56260b5"] = {
            repo = {
                branch = "master",
                commit = "1ee8ee1b0588441ffe09503c715e7090b6a1a732",
                url = "https://gitee.com/tboox/xmake-repo.git"
            },
            version = "4.2.3"
        },
        ["nanobench 4.3.11#f56260b5"] = {
            repo = {
                branch = "master",
                commit = "1ee8ee1b0588441ffe09503c715e7090b6a1a732",
                url = "https://gitee.com/tboox/xmake-repo.git"
            },
            version = "v4.3.11"
        },
        ["ninja#f56260b5"] = {
            repo = {
                branch = "master",
                commit = "1ee8ee1b0588441ffe09503c715e7090b6a1a732",
                url = "https://gitee.com/tboox/xmake-repo.git"
            },
            version = "v1.13.1"
        }
    }
}